
Microsoft Visual Studio Solution File, Format Version 12.00
# Visual Studio Version 16
VisualStudioVersion = 25.0.1706.7
MinimumVisualStudioVersion = 10.0.40219.1
Project("{FAE04EC0-301F-11D3-BF4B-00C04F79EFBC}") = "odevkuafor", "odevkuafor\odevkuafor.csproj", "{6482FCEF-82DD-42C4-AF57-0B89BE403BEF}"
EndProject
Global
	GlobalSection(SolutionConfigurationPlatforms) = preSolution
		Debug|Any CPU = Debug|Any CPU
		Release|Any CPU = Release|Any CPU
	EndGlobalSection
	GlobalSection(ProjectConfigurationPlatforms) = postSolution
		{6482FCEF-82DD-42C4-AF57-0B89BE403BEF}.Debug|Any CPU.ActiveCfg = Debug|Any CPU
		{6482FCEF-82DD-42C4-AF57-0B89BE403BEF}.Debug|Any CPU.Build.0 = Debug|Any CPU
		{6482FCEF-82DD-42C4-AF57-0B89BE403BEF}.Release|Any CPU.ActiveCfg = Release|Any CPU
		{6482FCEF-82DD-42C4-AF57-0B89BE403BEF}.Release|Any CPU.Build.0 = Release|Any CPU
	EndGlobalSection
	GlobalSection(SolutionProperties) = preSolution
		HideSolutionNode = FALSE
	EndGlobalSection
	GlobalSection(ExtensibilityGlobals) = postSolution
		SolutionGuid = {8E4F2ED1-9DD0-455A-8B43-34C19522A7D9}
	EndGlobalSection
EndGlobal
